<?xml version="1.0" encoding="utf-8"?>
<Project ToolsVersion="4.0" xmlns="http://schemas.microsoft.com/developer/msbuild/2003">
  <ItemGroup>
    <ClCompile Include="Klondike.cpp" />
    <ClCompile Include="Card.cpp" />
    <ClCompile Include="Game.cpp" />
  </ItemGroup>
  <ItemGroup>
    <ClInclude Include="Klondike.h" />
    <ClInclude Include="Card.h" />
    <ClInclude Include="Game.h" />
    <ClInclude Include="Meta\SkipFirst.h">
      <Filter>Meta</Filter>
    </ClInclude>
  </ItemGroup>
  <ItemGroup>
    <Filter Include="Meta">
      <UniqueIdentifier>{45165caa-98ad-4c28-a118-2543aab31454}</UniqueIdentifier>
    </Filter>
  </ItemGroup>
</Project>